
Microsoft Visual Studio Solution File, Format Version 11.00
# Visual Studio 2010
Project("{FAE04EC0-301F-11D3-BF4B-00C04F79EFBC}") = "Hofstede s dimensions analysier", "Hofstede s dimensions analysier\Hofstede s dimensions analysier.csproj", "{4E05CE0F-3657-4DB2-9583-AE7855DC6152}"
EndProject
Global
	GlobalSection(SolutionConfigurationPlatforms) = preSolution
		Debug|Any CPU = Debug|Any CPU
		Release|Any CPU = Release|Any CPU
	EndGlobalSection
	GlobalSection(ProjectConfigurationPlatforms) = postSolution
		{4E05CE0F-3657-4DB2-9583-AE7855DC6152}.Debug|Any CPU.ActiveCfg = Debug|Any CPU
		{4E05CE0F-3657-4DB2-9583-AE7855DC6152}.Debug|Any CPU.Build.0 = Debug|Any CPU
		{4E05CE0F-3657-4DB2-9583-AE7855DC6152}.Release|Any CPU.ActiveCfg = Release|Any CPU
		{4E05CE0F-3657-4DB2-9583-AE7855DC6152}.Release|Any CPU.Build.0 = Release|Any CPU
	EndGlobalSection
	GlobalSection(SolutionProperties) = preSolution
		HideSolutionNode = FALSE
	EndGlobalSection
EndGlobal
